
Microsoft Visual Studio Solution File, Format Version 12.00
# Visual Studio 15
Project("{FAE04EC0-301F-11D3-BF4B-00C04F79EFBC}") = "GroupedListViewAlternateRowColor.Android", "GroupedListViewAlternateRowColor.Android\GroupedListViewAlternateRowColor.Android.csproj", "{52FDABFB-9645-45A1-9CCC-2E0E6BEF3CC8}"
EndProject
Project("{FAE04EC0-301F-11D3-BF4B-00C04F79EFBC}") = "GroupedListViewAlternateRowColor.iOS", "GroupedListViewAlternateRowColor.iOS\GroupedListViewAlternateRowColor.iOS.csproj", "{8B2FE1AF-6511-424F-8340-729E34595E97}"
EndProject
Project("{FAE04EC0-301F-11D3-BF4B-00C04F79EFBC}") = "GroupedListViewAlternateRowColor", "GroupedListViewAlternateRowColor\GroupedListViewAlternateRowColor.csproj", "{A04C1D01-2671-4FB1-8C7D-910C29515C09}"
EndProject
Global
	GlobalSection(SolutionConfigurationPlatforms) = preSolution
		Debug|Any CPU = Debug|Any CPU
		Release|Any CPU = Release|Any CPU
		Debug|iPhoneSimulator = Debug|iPhoneSimulator
		Release|iPhoneSimulator = Release|iPhoneSimulator
		Debug|iPhone = Debug|iPhone
		Release|iPhone = Release|iPhone
		Ad-Hoc|iPhone = Ad-Hoc|iPhone
		AppStore|iPhone = AppStore|iPhone
	EndGlobalSection
	GlobalSection(ProjectConfigurationPlatforms) = postSolution
		{52FDABFB-9645-45A1-9CCC-2E0E6BEF3CC8}.Debug|Any CPU.ActiveCfg = Debug|Any CPU
		{52FDABFB-9645-45A1-9CCC-2E0E6BEF3CC8}.Debug|Any CPU.Build.0 = Debug|Any CPU
		{52FDABFB-9645-45A1-9CCC-2E0E6BEF3CC8}.Release|Any CPU.ActiveCfg = Release|Any CPU
		{52FDABFB-9645-45A1-9CCC-2E0E6BEF3CC8}.Release|Any CPU.Build.0 = Release|Any CPU
		{52FDABFB-9645-45A1-9CCC-2E0E6BEF3CC8}.Debug|iPhoneSimulator.ActiveCfg = Debug|Any CPU
		{52FDABFB-9645-45A1-9CCC-2E0E6BEF3CC8}.Debug|iPhoneSimulator.Build.0 = Debug|Any CPU
		{52FDABFB-9645-45A1-9CCC-2E0E6BEF3CC8}.Release|iPhoneSimulator.ActiveCfg = Release|Any CPU
		{52FDABFB-9645-45A1-9CCC-2E0E6BEF3CC8}.Release|iPhoneSimulator.Build.0 = Release|Any CPU
		{52FDABFB-9645-45A1-9CCC-2E0E6BEF3CC8}.Debug|iPhone.ActiveCfg = Debug|Any CPU
		{52FDABFB-9645-45A1-9CCC-2E0E6BEF3CC8}.Debug|iPhone.Build.0 = Debug|Any CPU
		{52FDABFB-9645-45A1-9CCC-2E0E6BEF3CC8}.Release|iPhone.ActiveCfg = Release|Any CPU
		{52FDABFB-9645-45A1-9CCC-2E0E6BEF3CC8}.Release|iPhone.Build.0 = Release|Any CPU
		{52FDABFB-9645-45A1-9CCC-2E0E6BEF3CC8}.Ad-Hoc|iPhone.ActiveCfg = Debug|Any CPU
		{52FDABFB-9645-45A1-9CCC-2E0E6BEF3CC8}.Ad-Hoc|iPhone.Build.0 = Debug|Any CPU
		{52FDABFB-9645-45A1-9CCC-2E0E6BEF3CC8}.AppStore|iPhone.ActiveCfg = Debug|Any CPU
		{52FDABFB-9645-45A1-9CCC-2E0E6BEF3CC8}.AppStore|iPhone.Build.0 = Debug|Any CPU
		{8B2FE1AF-6511-424F-8340-729E34595E97}.Debug|Any CPU.ActiveCfg = Debug|iPhoneSimulator
		{8B2FE1AF-6511-424F-8340-729E34595E97}.Debug|Any CPU.Build.0 = Debug|iPhoneSimulator
		{8B2FE1AF-6511-424F-8340-729E34595E97}.Release|Any CPU.ActiveCfg = Release|iPhoneSimulator
		{8B2FE1AF-6511-424F-8340-729E34595E97}.Release|Any CPU.Build.0 = Release|iPhoneSimulator
		{8B2FE1AF-6511-424F-8340-729E34595E97}.Debug|iPhoneSimulator.ActiveCfg = Debug|iPhoneSimulator
		{8B2FE1AF-6511-424F-8340-729E34595E97}.Debug|iPhoneSimulator.Build.0 = Debug|iPhoneSimulator
		{8B2FE1AF-6511-424F-8340-729E34595E97}.Release|iPhoneSimulator.ActiveCfg = Release|iPhoneSimulator
		{8B2FE1AF-6511-424F-8340-729E34595E97}.Release|iPhoneSimulator.Build.0 = Release|iPhoneSimulator
		{8B2FE1AF-6511-424F-8340-729E34595E97}.Debug|iPhone.ActiveCfg = Debug|iPhone
		{8B2FE1AF-6511-424F-8340-729E34595E97}.Debug|iPhone.Build.0 = Debug|iPhone
		{8B2FE1AF-6511-424F-8340-729E34595E97}.Release|iPhone.ActiveCfg = Release|iPhone
		{8B2FE1AF-6511-424F-8340-729E34595E97}.Release|iPhone.Build.0 = Release|iPhone
		{8B2FE1AF-6511-424F-8340-729E34595E97}.Ad-Hoc|iPhone.ActiveCfg = Ad-Hoc|iPhone
		{8B2FE1AF-6511-424F-8340-729E34595E97}.Ad-Hoc|iPhone.Build.0 = Ad-Hoc|iPhone
		{8B2FE1AF-6511-424F-8340-729E34595E97}.AppStore|iPhone.ActiveCfg = AppStore|iPhone
		{8B2FE1AF-6511-424F-8340-729E34595E97}.AppStore|iPhone.Build.0 = AppStore|iPhone
		{A04C1D01-2671-4FB1-8C7D-910C29515C09}.Debug|Any CPU.ActiveCfg = Debug|Any CPU
		{A04C1D01-2671-4FB1-8C7D-910C29515C09}.Debug|Any CPU.Build.0 = Debug|Any CPU
		{A04C1D01-2671-4FB1-8C7D-910C29515C09}.Release|Any CPU.ActiveCfg = Release|Any CPU
		{A04C1D01-2671-4FB1-8C7D-910C29515C09}.Release|Any CPU.Build.0 = Release|Any CPU
		{A04C1D01-2671-4FB1-8C7D-910C29515C09}.Debug|iPhoneSimulator.ActiveCfg = Debug|Any CPU
		{A04C1D01-2671-4FB1-8C7D-910C29515C09}.Debug|iPhoneSimulator.Build.0 = Debug|Any CPU
		{A04C1D01-2671-4FB1-8C7D-910C29515C09}.Release|iPhoneSimulator.ActiveCfg = Release|Any CPU
		{A04C1D01-2671-4FB1-8C7D-910C29515C09}.Release|iPhoneSimulator.Build.0 = Release|Any CPU
		{A04C1D01-2671-4FB1-8C7D-910C29515C09}.Debug|iPhone.ActiveCfg = Debug|Any CPU
		{A04C1D01-2671-4FB1-8C7D-910C29515C09}.Debug|iPhone.Build.0 = Debug|Any CPU
		{A04C1D01-2671-4FB1-8C7D-910C29515C09}.Release|iPhone.ActiveCfg = Release|Any CPU
		{A04C1D01-2671-4FB1-8C7D-910C29515C09}.Release|iPhone.Build.0 = Release|Any CPU
		{A04C1D01-2671-4FB1-8C7D-910C29515C09}.Ad-Hoc|iPhone.ActiveCfg = Debug|Any CPU
		{A04C1D01-2671-4FB1-8C7D-910C29515C09}.Ad-Hoc|iPhone.Build.0 = Debug|Any CPU
		{A04C1D01-2671-4FB1-8C7D-910C29515C09}.AppStore|iPhone.ActiveCfg = Debug|Any CPU
		{A04C1D01-2671-4FB1-8C7D-910C29515C09}.AppStore|iPhone.Build.0 = Debug|Any CPU
	EndGlobalSection
EndGlobal
